
Microsoft Visual Studio Solution File, Format Version 12.00
# Visual Studio Version 17
VisualStudioVersion = 17.13.35919.96
MinimumVisualStudioVersion = 10.0.40219.1
Project("{8BC9CEB8-8B4A-11D0-8D11-00A0C91BC942}") = "HelloWorld", "HelloWorld\HelloWorld.vcxproj", "{B7EE22B4-A8C1-41C7-B15C-403CABFCCBCD}"
EndProject
Project("{8BC9CEB8-8B4A-11D0-8D11-00A0C91BC942}") = "InputAndOutput", "InputAndOutput\InputAndOutput.vcxproj", "{C32A3471-C188-4177-9359-39EFB67C258E}"
EndProject
Project("{8BC9CEB8-8B4A-11D0-8D11-00A0C91BC942}") = "DataTypes", "DataTypes\DataTypes.vcxproj", "{C51C87F8-8923-4AAA-AB2A-F2BB38C254C3}"
EndProject
Project("{8BC9CEB8-8B4A-11D0-8D11-00A0C91BC942}") = "DataTypesDemo", "DataTypesDemo\DataTypesDemo.vcxproj", "{3D15576D-ED1F-4207-9669-88F1AF693BDE}"
EndProject
Project("{8BC9CEB8-8B4A-11D0-8D11-00A0C91BC942}") = "UserDataTypesImage", "UserDataTypesImage\UserDataTypesImage.vcxproj", "{0AB17395-02B1-43A8-9990-DA1F88DBD347}"
EndProject
Project("{8BC9CEB8-8B4A-11D0-8D11-00A0C91BC942}") = "UserDataTypes", "UserDataTypes\UserDataTypes.vcxproj", "{F44CA1BF-DAD7-49BB-A4CB-A79B11E6ED45}"
EndProject
Project("{8BC9CEB8-8B4A-11D0-8D11-00A0C91BC942}") = "NumberGuessingGame", "NumberGuessingGame\NumberGuessingGame.vcxproj", "{89617B70-BA55-48B0-A4F5-E565307DF384}"
EndProject
Project("{8BC9CEB8-8B4A-11D0-8D11-00A0C91BC942}") = "MemoryDemo", "MemoryDemo\MemoryDemo.vcxproj", "{524E2C0C-F23F-433A-8DA3-ED8A7F81B43F}"
EndProject
Project("{8BC9CEB8-8B4A-11D0-8D11-00A0C91BC942}") = "MemoryReview", "MemoryReview\MemoryReview.vcxproj", "{37625D21-0EE0-419F-B25C-7E9054726A89}"
EndProject
Project("{8BC9CEB8-8B4A-11D0-8D11-00A0C91BC942}") = "ContainerDemo", "ContainerDemo\ContainerDemo.vcxproj", "{1771981F-7711-44F0-8A0B-B9BF55D65B73}"
EndProject
Project("{8BC9CEB8-8B4A-11D0-8D11-00A0C91BC942}") = "Containers", "Containers\Containers.vcxproj", "{B0CCF4DD-E786-4B2A-97E3-2B9AE591082A}"
EndProject
Project("{8BC9CEB8-8B4A-11D0-8D11-00A0C91BC942}") = "ObjectOrientedProgrammingDemo", "ObjectOrientedProgrammingDemo\ObjectOrientedProgrammingDemo.vcxproj", "{AD906DBB-ACB3-4B30-ACAB-46E97E23B0C8}"
EndProject
Project("{8BC9CEB8-8B4A-11D0-8D11-00A0C91BC942}") = "Classes", "Classes\Classes.vcxproj", "{0CBC0A93-7BE9-4679-A4C2-120362B1B5C2}"
EndProject
Project("{8BC9CEB8-8B4A-11D0-8D11-00A0C91BC942}") = "StreamingDemo", "StreamingDemo\StreamingDemo.vcxproj", "{85B49BCD-2364-4C5B-ACC0-CBE90A5E6B6E}"
EndProject
Project("{8BC9CEB8-8B4A-11D0-8D11-00A0C91BC942}") = "Fail", "Fail\Fail.vcxproj", "{0EA0E67E-DFF7-4E36-BDEB-AF678973B392}"
EndProject
Project("{8BC9CEB8-8B4A-11D0-8D11-00A0C91BC942}") = "OperatorOverloadingDemo", "OperatorOverloadingDemo\OperatorOverloadingDemo.vcxproj", "{60FD59A4-4661-4642-BBC6-DB25FDE9AAEC}"
EndProject
Project("{8BC9CEB8-8B4A-11D0-8D11-00A0C91BC942}") = "TemplatesDemo", "TemplatesDemo\TemplatesDemo.vcxproj", "{592C2B1D-6B65-4BFE-80EB-7CC5C914A214}"
EndProject
Global
	GlobalSection(SolutionConfigurationPlatforms) = preSolution
		Debug|x64 = Debug|x64
		Debug|x86 = Debug|x86
		Release|x64 = Release|x64
		Release|x86 = Release|x86
	EndGlobalSection
	GlobalSection(ProjectConfigurationPlatforms) = postSolution
		{B7EE22B4-A8C1-41C7-B15C-403CABFCCBCD}.Debug|x64.ActiveCfg = Debug|x64
		{B7EE22B4-A8C1-41C7-B15C-403CABFCCBCD}.Debug|x64.Build.0 = Debug|x64
		{B7EE22B4-A8C1-41C7-B15C-403CABFCCBCD}.Debug|x86.ActiveCfg = Debug|Win32
		{B7EE22B4-A8C1-41C7-B15C-403CABFCCBCD}.Debug|x86.Build.0 = Debug|Win32
		{B7EE22B4-A8C1-41C7-B15C-403CABFCCBCD}.Release|x64.ActiveCfg = Release|x64
		{B7EE22B4-A8C1-41C7-B15C-403CABFCCBCD}.Release|x64.Build.0 = Release|x64
		{B7EE22B4-A8C1-41C7-B15C-403CABFCCBCD}.Release|x86.ActiveCfg = Release|Win32
		{B7EE22B4-A8C1-41C7-B15C-403CABFCCBCD}.Release|x86.Build.0 = Release|Win32
		{C32A3471-C188-4177-9359-39EFB67C258E}.Debug|x64.ActiveCfg = Debug|x64
		{C32A3471-C188-4177-9359-39EFB67C258E}.Debug|x64.Build.0 = Debug|x64
		{C32A3471-C188-4177-9359-39EFB67C258E}.Debug|x86.ActiveCfg = Debug|Win32
		{C32A3471-C188-4177-9359-39EFB67C258E}.Debug|x86.Build.0 = Debug|Win32
		{C32A3471-C188-4177-9359-39EFB67C258E}.Release|x64.ActiveCfg = Release|x64
		{C32A3471-C188-4177-9359-39EFB67C258E}.Release|x64.Build.0 = Release|x64
		{C32A3471-C188-4177-9359-39EFB67C258E}.Release|x86.ActiveCfg = Release|Win32
		{C32A3471-C188-4177-9359-39EFB67C258E}.Release|x86.Build.0 = Release|Win32
		{C51C87F8-8923-4AAA-AB2A-F2BB38C254C3}.Debug|x64.ActiveCfg = Debug|x64
		{C51C87F8-8923-4AAA-AB2A-F2BB38C254C3}.Debug|x64.Build.0 = Debug|x64
		{C51C87F8-8923-4AAA-AB2A-F2BB38C254C3}.Debug|x86.ActiveCfg = Debug|Win32
		{C51C87F8-8923-4AAA-AB2A-F2BB38C254C3}.Debug|x86.Build.0 = Debug|Win32
		{C51C87F8-8923-4AAA-AB2A-F2BB38C254C3}.Release|x64.ActiveCfg = Release|x64
		{C51C87F8-8923-4AAA-AB2A-F2BB38C254C3}.Release|x64.Build.0 = Release|x64
		{C51C87F8-8923-4AAA-AB2A-F2BB38C254C3}.Release|x86.ActiveCfg = Release|Win32
		{C51C87F8-8923-4AAA-AB2A-F2BB38C254C3}.Release|x86.Build.0 = Release|Win32
		{3D15576D-ED1F-4207-9669-88F1AF693BDE}.Debug|x64.ActiveCfg = Debug|x64
		{3D15576D-ED1F-4207-9669-88F1AF693BDE}.Debug|x64.Build.0 = Debug|x64
		{3D15576D-ED1F-4207-9669-88F1AF693BDE}.Debug|x86.ActiveCfg = Debug|Win32
		{3D15576D-ED1F-4207-9669-88F1AF693BDE}.Debug|x86.Build.0 = Debug|Win32
		{3D15576D-ED1F-4207-9669-88F1AF693BDE}.Release|x64.ActiveCfg = Release|x64
		{3D15576D-ED1F-4207-9669-88F1AF693BDE}.Release|x64.Build.0 = Release|x64
		{3D15576D-ED1F-4207-9669-88F1AF693BDE}.Release|x86.ActiveCfg = Release|Win32
		{3D15576D-ED1F-4207-9669-88F1AF693BDE}.Release|x86.Build.0 = Release|Win32
		{0AB17395-02B1-43A8-9990-DA1F88DBD347}.Debug|x64.ActiveCfg = Debug|x64
		{0AB17395-02B1-43A8-9990-DA1F88DBD347}.Debug|x64.Build.0 = Debug|x64
		{0AB17395-02B1-43A8-9990-DA1F88DBD347}.Debug|x86.ActiveCfg = Debug|Win32
		{0AB17395-02B1-43A8-9990-DA1F88DBD347}.Debug|x86.Build.0 = Debug|Win32
		{0AB17395-02B1-43A8-9990-DA1F88DBD347}.Release|x64.ActiveCfg = Release|x64
		{0AB17395-02B1-43A8-9990-DA1F88DBD347}.Release|x64.Build.0 = Release|x64
		{0AB17395-02B1-43A8-9990-DA1F88DBD347}.Release|x86.ActiveCfg = Release|Win32
		{0AB17395-02B1-43A8-9990-DA1F88DBD347}.Release|x86.Build.0 = Release|Win32
		{F44CA1BF-DAD7-49BB-A4CB-A79B11E6ED45}.Debug|x64.ActiveCfg = Debug|x64
		{F44CA1BF-DAD7-49BB-A4CB-A79B11E6ED45}.Debug|x64.Build.0 = Debug|x64
		{F44CA1BF-DAD7-49BB-A4CB-A79B11E6ED45}.Debug|x86.ActiveCfg = Debug|Win32
		{F44CA1BF-DAD7-49BB-A4CB-A79B11E6ED45}.Debug|x86.Build.0 = Debug|Win32
		{F44CA1BF-DAD7-49BB-A4CB-A79B11E6ED45}.Release|x64.ActiveCfg = Release|x64
		{F44CA1BF-DAD7-49BB-A4CB-A79B11E6ED45}.Release|x64.Build.0 = Release|x64
		{F44CA1BF-DAD7-49BB-A4CB-A79B11E6ED45}.Release|x86.ActiveCfg = Release|Win32
		{F44CA1BF-DAD7-49BB-A4CB-A79B11E6ED45}.Release|x86.Build.0 = Release|Win32
		{89617B70-BA55-48B0-A4F5-E565307DF384}.Debug|x64.ActiveCfg = Debug|x64
		{89617B70-BA55-48B0-A4F5-E565307DF384}.Debug|x64.Build.0 = Debug|x64
		{89617B70-BA55-48B0-A4F5-E565307DF384}.Debug|x86.ActiveCfg = Debug|Win32
		{89617B70-BA55-48B0-A4F5-E565307DF384}.Debug|x86.Build.0 = Debug|Win32
		{89617B70-BA55-48B0-A4F5-E565307DF384}.Release|x64.ActiveCfg = Release|x64
		{89617B70-BA55-48B0-A4F5-E565307DF384}.Release|x64.Build.0 = Release|x64
		{89617B70-BA55-48B0-A4F5-E565307DF384}.Release|x86.ActiveCfg = Release|Win32
		{89617B70-BA55-48B0-A4F5-E565307DF384}.Release|x86.Build.0 = Release|Win32
		{524E2C0C-F23F-433A-8DA3-ED8A7F81B43F}.Debug|x64.ActiveCfg = Debug|x64
		{524E2C0C-F23F-433A-8DA3-ED8A7F81B43F}.Debug|x64.Build.0 = Debug|x64
		{524E2C0C-F23F-433A-8DA3-ED8A7F81B43F}.Debug|x86.ActiveCfg = Debug|Win32
		{524E2C0C-F23F-433A-8DA3-ED8A7F81B43F}.Debug|x86.Build.0 = Debug|Win32
		{524E2C0C-F23F-433A-8DA3-ED8A7F81B43F}.Release|x64.ActiveCfg = Release|x64
		{524E2C0C-F23F-433A-8DA3-ED8A7F81B43F}.Release|x64.Build.0 = Release|x64
		{524E2C0C-F23F-433A-8DA3-ED8A7F81B43F}.Release|x86.ActiveCfg = Release|Win32
		{524E2C0C-F23F-433A-8DA3-ED8A7F81B43F}.Release|x86.Build.0 = Release|Win32
		{37625D21-0EE0-419F-B25C-7E9054726A89}.Debug|x64.ActiveCfg = Debug|x64
		{37625D21-0EE0-419F-B25C-7E9054726A89}.Debug|x64.Build.0 = Debug|x64
		{37625D21-0EE0-419F-B25C-7E9054726A89}.Debug|x86.ActiveCfg = Debug|Win32
		{37625D21-0EE0-419F-B25C-7E9054726A89}.Debug|x86.Build.0 = Debug|Win32
		{37625D21-0EE0-419F-B25C-7E9054726A89}.Release|x64.ActiveCfg = Release|x64
		{37625D21-0EE0-419F-B25C-7E9054726A89}.Release|x64.Build.0 = Release|x64
		{37625D21-0EE0-419F-B25C-7E9054726A89}.Release|x86.ActiveCfg = Release|Win32
		{37625D21-0EE0-419F-B25C-7E9054726A89}.Release|x86.Build.0 = Release|Win32
		{1771981F-7711-44F0-8A0B-B9BF55D65B73}.Debug|x64.ActiveCfg = Debug|x64
		{1771981F-7711-44F0-8A0B-B9BF55D65B73}.Debug|x64.Build.0 = Debug|x64
		{1771981F-7711-44F0-8A0B-B9BF55D65B73}.Debug|x86.ActiveCfg = Debug|Win32
		{1771981F-7711-44F0-8A0B-B9BF55D65B73}.Debug|x86.Build.0 = Debug|Win32
		{1771981F-7711-44F0-8A0B-B9BF55D65B73}.Release|x64.ActiveCfg = Release|x64
		{1771981F-7711-44F0-8A0B-B9BF55D65B73}.Release|x64.Build.0 = Release|x64
		{1771981F-7711-44F0-8A0B-B9BF55D65B73}.Release|x86.ActiveCfg = Release|Win32
		{1771981F-7711-44F0-8A0B-B9BF55D65B73}.Release|x86.Build.0 = Release|Win32
		{B0CCF4DD-E786-4B2A-97E3-2B9AE591082A}.Debug|x64.ActiveCfg = Debug|x64
		{B0CCF4DD-E786-4B2A-97E3-2B9AE591082A}.Debug|x64.Build.0 = Debug|x64
		{B0CCF4DD-E786-4B2A-97E3-2B9AE591082A}.Debug|x86.ActiveCfg = Debug|Win32
		{B0CCF4DD-E786-4B2A-97E3-2B9AE591082A}.Debug|x86.Build.0 = Debug|Win32
		{B0CCF4DD-E786-4B2A-97E3-2B9AE591082A}.Release|x64.ActiveCfg = Release|x64
		{B0CCF4DD-E786-4B2A-97E3-2B9AE591082A}.Release|x64.Build.0 = Release|x64
		{B0CCF4DD-E786-4B2A-97E3-2B9AE591082A}.Release|x86.ActiveCfg = Release|Win32
		{B0CCF4DD-E786-4B2A-97E3-2B9AE591082A}.Release|x86.Build.0 = Release|Win32
		{AD906DBB-ACB3-4B30-ACAB-46E97E23B0C8}.Debug|x64.ActiveCfg = Debug|x64
		{AD906DBB-ACB3-4B30-ACAB-46E97E23B0C8}.Debug|x64.Build.0 = Debug|x64
		{AD906DBB-ACB3-4B30-ACAB-46E97E23B0C8}.Debug|x86.ActiveCfg = Debug|Win32
		{AD906DBB-ACB3-4B30-ACAB-46E97E23B0C8}.Debug|x86.Build.0 = Debug|Win32
		{AD906DBB-ACB3-4B30-ACAB-46E97E23B0C8}.Release|x64.ActiveCfg = Release|x64
		{AD906DBB-ACB3-4B30-ACAB-46E97E23B0C8}.Release|x64.Build.0 = Release|x64
		{AD906DBB-ACB3-4B30-ACAB-46E97E23B0C8}.Release|x86.ActiveCfg = Release|Win32
		{AD906DBB-ACB3-4B30-ACAB-46E97E23B0C8}.Release|x86.Build.0 = Release|Win32
		{0CBC0A93-7BE9-4679-A4C2-120362B1B5C2}.Debug|x64.ActiveCfg = Debug|x64
		{0CBC0A93-7BE9-4679-A4C2-120362B1B5C2}.Debug|x64.Build.0 = Debug|x64
		{0CBC0A93-7BE9-4679-A4C2-120362B1B5C2}.Debug|x86.ActiveCfg = Debug|Win32
		{0CBC0A93-7BE9-4679-A4C2-120362B1B5C2}.Debug|x86.Build.0 = Debug|Win32
		{0CBC0A93-7BE9-4679-A4C2-120362B1B5C2}.Release|x64.ActiveCfg = Release|x64
		{0CBC0A93-7BE9-4679-A4C2-120362B1B5C2}.Release|x64.Build.0 = Release|x64
		{0CBC0A93-7BE9-4679-A4C2-120362B1B5C2}.Release|x86.ActiveCfg = Release|Win32
		{0CBC0A93-7BE9-4679-A4C2-120362B1B5C2}.Release|x86.Build.0 = Release|Win32
		{85B49BCD-2364-4C5B-ACC0-CBE90A5E6B6E}.Debug|x64.ActiveCfg = Debug|x64
		{85B49BCD-2364-4C5B-ACC0-CBE90A5E6B6E}.Debug|x64.Build.0 = Debug|x64
		{85B49BCD-2364-4C5B-ACC0-CBE90A5E6B6E}.Debug|x86.ActiveCfg = Debug|Win32
		{85B49BCD-2364-4C5B-ACC0-CBE90A5E6B6E}.Debug|x86.Build.0 = Debug|Win32
		{85B49BCD-2364-4C5B-ACC0-CBE90A5E6B6E}.Release|x64.ActiveCfg = Release|x64
		{85B49BCD-2364-4C5B-ACC0-CBE90A5E6B6E}.Release|x64.Build.0 = Release|x64
		{85B49BCD-2364-4C5B-ACC0-CBE90A5E6B6E}.Release|x86.ActiveCfg = Release|Win32
		{85B49BCD-2364-4C5B-ACC0-CBE90A5E6B6E}.Release|x86.Build.0 = Release|Win32
		{0EA0E67E-DFF7-4E36-BDEB-AF678973B392}.Debug|x64.ActiveCfg = Debug|x64
		{0EA0E67E-DFF7-4E36-BDEB-AF678973B392}.Debug|x64.Build.0 = Debug|x64
		{0EA0E67E-DFF7-4E36-BDEB-AF678973B392}.Debug|x86.ActiveCfg = Debug|Win32
		{0EA0E67E-DFF7-4E36-BDEB-AF678973B392}.Debug|x86.Build.0 = Debug|Win32
		{0EA0E67E-DFF7-4E36-BDEB-AF678973B392}.Release|x64.ActiveCfg = Release|x64
		{0EA0E67E-DFF7-4E36-BDEB-AF678973B392}.Release|x64.Build.0 = Release|x64
		{0EA0E67E-DFF7-4E36-BDEB-AF678973B392}.Release|x86.ActiveCfg = Release|Win32
		{0EA0E67E-DFF7-4E36-BDEB-AF678973B392}.Release|x86.Build.0 = Release|Win32
		{60FD59A4-4661-4642-BBC6-DB25FDE9AAEC}.Debug|x64.ActiveCfg = Debug|x64
		{60FD59A4-4661-4642-BBC6-DB25FDE9AAEC}.Debug|x64.Build.0 = Debug|x64
		{60FD59A4-4661-4642-BBC6-DB25FDE9AAEC}.Debug|x86.ActiveCfg = Debug|Win32
		{60FD59A4-4661-4642-BBC6-DB25FDE9AAEC}.Debug|x86.Build.0 = Debug|Win32
		{60FD59A4-4661-4642-BBC6-DB25FDE9AAEC}.Release|x64.ActiveCfg = Release|x64
		{60FD59A4-4661-4642-BBC6-DB25FDE9AAEC}.Release|x64.Build.0 = Release|x64
		{60FD59A4-4661-4642-BBC6-DB25FDE9AAEC}.Release|x86.ActiveCfg = Release|Win32
		{60FD59A4-4661-4642-BBC6-DB25FDE9AAEC}.Release|x86.Build.0 = Release|Win32
		{592C2B1D-6B65-4BFE-80EB-7CC5C914A214}.Debug|x64.ActiveCfg = Debug|x64
		{592C2B1D-6B65-4BFE-80EB-7CC5C914A214}.Debug|x64.Build.0 = Debug|x64
		{592C2B1D-6B65-4BFE-80EB-7CC5C914A214}.Debug|x86.ActiveCfg = Debug|Win32
		{592C2B1D-6B65-4BFE-80EB-7CC5C914A214}.Debug|x86.Build.0 = Debug|Win32
		{592C2B1D-6B65-4BFE-80EB-7CC5C914A214}.Release|x64.ActiveCfg = Release|x64
		{592C2B1D-6B65-4BFE-80EB-7CC5C914A214}.Release|x64.Build.0 = Release|x64
		{592C2B1D-6B65-4BFE-80EB-7CC5C914A214}.Release|x86.ActiveCfg = Release|Win32
		{592C2B1D-6B65-4BFE-80EB-7CC5C914A214}.Release|x86.Build.0 = Release|Win32
	EndGlobalSection
	GlobalSection(SolutionProperties) = preSolution
		HideSolutionNode = FALSE
	EndGlobalSection
	GlobalSection(ExtensibilityGlobals) = postSolution
		SolutionGuid = {3EF0AE2E-A3B9-4558-9ADC-C9533869A7B4}
	EndGlobalSection
EndGlobal
